
Microsoft Visual Studio Solution File, Format Version 12.00
# Visual Studio 15
VisualStudioVersion = 15.0.27004.2008
MinimumVisualStudioVersion = 10.0.40219.1
Project("{262852C6-CD72-467D-83FE-5EEB1973A190}") = "first-game", "first-game\first-game.jsproj", "{B37E1774-B7BD-47EA-B702-ABDA5E2C71BB}"
EndProject
Global
	GlobalSection(SolutionConfigurationPlatforms) = preSolution
		Debug|Any CPU = Debug|Any CPU
		Debug|ARM = Debug|ARM
		Debug|x64 = Debug|x64
		Debug|x86 = Debug|x86
		Release|Any CPU = Release|Any CPU
		Release|ARM = Release|ARM
		Release|x64 = Release|x64
		Release|x86 = Release|x86
	EndGlobalSection
	GlobalSection(ProjectConfigurationPlatforms) = postSolution
		{B37E1774-B7BD-47EA-B702-ABDA5E2C71BB}.Debug|Any CPU.ActiveCfg = Debug|Any CPU
		{B37E1774-B7BD-47EA-B702-ABDA5E2C71BB}.Debug|Any CPU.Build.0 = Debug|Any CPU
		{B37E1774-B7BD-47EA-B702-ABDA5E2C71BB}.Debug|Any CPU.Deploy.0 = Debug|Any CPU
		{B37E1774-B7BD-47EA-B702-ABDA5E2C71BB}.Debug|ARM.ActiveCfg = Debug|ARM
		{B37E1774-B7BD-47EA-B702-ABDA5E2C71BB}.Debug|ARM.Build.0 = Debug|ARM
		{B37E1774-B7BD-47EA-B702-ABDA5E2C71BB}.Debug|ARM.Deploy.0 = Debug|ARM
		{B37E1774-B7BD-47EA-B702-ABDA5E2C71BB}.Debug|x64.ActiveCfg = Debug|x64
		{B37E1774-B7BD-47EA-B702-ABDA5E2C71BB}.Debug|x64.Build.0 = Debug|x64
		{B37E1774-B7BD-47EA-B702-ABDA5E2C71BB}.Debug|x64.Deploy.0 = Debug|x64
		{B37E1774-B7BD-47EA-B702-ABDA5E2C71BB}.Debug|x86.ActiveCfg = Debug|x86
		{B37E1774-B7BD-47EA-B702-ABDA5E2C71BB}.Debug|x86.Build.0 = Debug|x86
		{B37E1774-B7BD-47EA-B702-ABDA5E2C71BB}.Debug|x86.Deploy.0 = Debug|x86
		{B37E1774-B7BD-47EA-B702-ABDA5E2C71BB}.Release|Any CPU.ActiveCfg = Release|Any CPU
		{B37E1774-B7BD-47EA-B702-ABDA5E2C71BB}.Release|Any CPU.Build.0 = Release|Any CPU
		{B37E1774-B7BD-47EA-B702-ABDA5E2C71BB}.Release|Any CPU.Deploy.0 = Release|Any CPU
		{B37E1774-B7BD-47EA-B702-ABDA5E2C71BB}.Release|ARM.ActiveCfg = Release|ARM
		{B37E1774-B7BD-47EA-B702-ABDA5E2C71BB}.Release|ARM.Build.0 = Release|ARM
		{B37E1774-B7BD-47EA-B702-ABDA5E2C71BB}.Release|ARM.Deploy.0 = Release|ARM
		{B37E1774-B7BD-47EA-B702-ABDA5E2C71BB}.Release|x64.ActiveCfg = Release|x64
		{B37E1774-B7BD-47EA-B702-ABDA5E2C71BB}.Release|x64.Build.0 = Release|x64
		{B37E1774-B7BD-47EA-B702-ABDA5E2C71BB}.Release|x64.Deploy.0 = Release|x64
		{B37E1774-B7BD-47EA-B702-ABDA5E2C71BB}.Release|x86.ActiveCfg = Release|x86
		{B37E1774-B7BD-47EA-B702-ABDA5E2C71BB}.Release|x86.Build.0 = Release|x86
		{B37E1774-B7BD-47EA-B702-ABDA5E2C71BB}.Release|x86.Deploy.0 = Release|x86
	EndGlobalSection
	GlobalSection(SolutionProperties) = preSolution
		HideSolutionNode = FALSE
	EndGlobalSection
	GlobalSection(ExtensibilityGlobals) = postSolution
		SolutionGuid = {6B9A49A2-8FFC-47F0-8C71-E85D7A517297}
	EndGlobalSection
EndGlobal
